
Microsoft Visual Studio Solution File, Format Version 12.00
# Visual Studio Version 17
VisualStudioVersion = 17.6.33801.468
MinimumVisualStudioVersion = 10.0.40219.1
Project("{8BC9CEB8-8B4A-11D0-8D11-00A0C91BC942}") = "p1", "p1\p1.vcxproj", "{8157231D-BAC1-4D86-A218-393F4B791F7D}"
EndProject
Project("{2150E333-8FDC-42A3-9474-1A3956D46DE8}") = "Solution Items", "Solution Items", "{BAFD1329-F970-4FD8-A879-817D11C55C58}"
	ProjectSection(SolutionItems) = preProject
		common.cpp = common.cpp
		common.h = common.h
	EndProjectSection
EndProject
Project("{8BC9CEB8-8B4A-11D0-8D11-00A0C91BC942}") = "p2", "p2\p2.vcxproj", "{665E60AC-1FDF-4D5B-A80F-A232D423ABD8}"
EndProject
Project("{8BC9CEB8-8B4A-11D0-8D11-00A0C91BC942}") = "p3", "p3\p3.vcxproj", "{804C877A-9117-429C-B08F-9AEBBBCA3127}"
EndProject
Project("{8BC9CEB8-8B4A-11D0-8D11-00A0C91BC942}") = "p4", "p4\p4.vcxproj", "{AF6DAF45-1159-46E6-89B1-DBA65ABF8966}"
EndProject
Global
	GlobalSection(SolutionConfigurationPlatforms) = preSolution
		Debug|x64 = Debug|x64
		Debug|x86 = Debug|x86
		Release|x64 = Release|x64
		Release|x86 = Release|x86
	EndGlobalSection
	GlobalSection(ProjectConfigurationPlatforms) = postSolution
		{8157231D-BAC1-4D86-A218-393F4B791F7D}.Debug|x64.ActiveCfg = Debug|x64
		{8157231D-BAC1-4D86-A218-393F4B791F7D}.Debug|x64.Build.0 = Debug|x64
		{8157231D-BAC1-4D86-A218-393F4B791F7D}.Debug|x86.ActiveCfg = Debug|Win32
		{8157231D-BAC1-4D86-A218-393F4B791F7D}.Debug|x86.Build.0 = Debug|Win32
		{8157231D-BAC1-4D86-A218-393F4B791F7D}.Release|x64.ActiveCfg = Release|x64
		{8157231D-BAC1-4D86-A218-393F4B791F7D}.Release|x64.Build.0 = Release|x64
		{8157231D-BAC1-4D86-A218-393F4B791F7D}.Release|x86.ActiveCfg = Release|Win32
		{8157231D-BAC1-4D86-A218-393F4B791F7D}.Release|x86.Build.0 = Release|Win32
		{665E60AC-1FDF-4D5B-A80F-A232D423ABD8}.Debug|x64.ActiveCfg = Debug|x64
		{665E60AC-1FDF-4D5B-A80F-A232D423ABD8}.Debug|x64.Build.0 = Debug|x64
		{665E60AC-1FDF-4D5B-A80F-A232D423ABD8}.Debug|x86.ActiveCfg = Debug|Win32
		{665E60AC-1FDF-4D5B-A80F-A232D423ABD8}.Debug|x86.Build.0 = Debug|Win32
		{665E60AC-1FDF-4D5B-A80F-A232D423ABD8}.Release|x64.ActiveCfg = Release|x64
		{665E60AC-1FDF-4D5B-A80F-A232D423ABD8}.Release|x64.Build.0 = Release|x64
		{665E60AC-1FDF-4D5B-A80F-A232D423ABD8}.Release|x86.ActiveCfg = Release|Win32
		{665E60AC-1FDF-4D5B-A80F-A232D423ABD8}.Release|x86.Build.0 = Release|Win32
		{804C877A-9117-429C-B08F-9AEBBBCA3127}.Debug|x64.ActiveCfg = Debug|x64
		{804C877A-9117-429C-B08F-9AEBBBCA3127}.Debug|x64.Build.0 = Debug|x64
		{804C877A-9117-429C-B08F-9AEBBBCA3127}.Debug|x86.ActiveCfg = Debug|Win32
		{804C877A-9117-429C-B08F-9AEBBBCA3127}.Debug|x86.Build.0 = Debug|Win32
		{804C877A-9117-429C-B08F-9AEBBBCA3127}.Release|x64.ActiveCfg = Release|x64
		{804C877A-9117-429C-B08F-9AEBBBCA3127}.Release|x64.Build.0 = Release|x64
		{804C877A-9117-429C-B08F-9AEBBBCA3127}.Release|x86.ActiveCfg = Release|Win32
		{804C877A-9117-429C-B08F-9AEBBBCA3127}.Release|x86.Build.0 = Release|Win32
		{AF6DAF45-1159-46E6-89B1-DBA65ABF8966}.Debug|x64.ActiveCfg = Debug|x64
		{AF6DAF45-1159-46E6-89B1-DBA65ABF8966}.Debug|x64.Build.0 = Debug|x64
		{AF6DAF45-1159-46E6-89B1-DBA65ABF8966}.Debug|x86.ActiveCfg = Debug|Win32
		{AF6DAF45-1159-46E6-89B1-DBA65ABF8966}.Debug|x86.Build.0 = Debug|Win32
		{AF6DAF45-1159-46E6-89B1-DBA65ABF8966}.Release|x64.ActiveCfg = Release|x64
		{AF6DAF45-1159-46E6-89B1-DBA65ABF8966}.Release|x64.Build.0 = Release|x64
		{AF6DAF45-1159-46E6-89B1-DBA65ABF8966}.Release|x86.ActiveCfg = Release|Win32
		{AF6DAF45-1159-46E6-89B1-DBA65ABF8966}.Release|x86.Build.0 = Release|Win32
	EndGlobalSection
	GlobalSection(SolutionProperties) = preSolution
		HideSolutionNode = FALSE
	EndGlobalSection
	GlobalSection(ExtensibilityGlobals) = postSolution
		SolutionGuid = {620457A9-D9C0-49A5-B1E6-07D4DFB6DE6F}
	EndGlobalSection
EndGlobal
